// !$*UTF8*$!
{
	archiveVersion = 1;
	classes = {
	};
	objectVersion = 46;
	objects = {

/* Begin PBXBuildFile section */
		B45358031C90CEF6000D07BD /* SearchResultsTableViewController.swift in Sources */ = {isa = PBXBuildFile; fileRef = B45358021C90CEF6000D07BD /* SearchResultsTableViewController.swift */; };
		B46D854A1C907BEC00C2234D /* ComposeSearchViewController.swift in Sources */ = {isa = PBXBuildFile; fileRef = B46D85491C907BEC00C2234D /* ComposeSearchViewController.swift */; };
		B480C6C81C9B35E400057146 /* AskOakTableViewController.swift in Sources */ = {isa = PBXBuildFile; fileRef = B480C6C71C9B35E400057146 /* AskOakTableViewController.swift */; };
		B480C6CA1C9B453400057146 /* PokedexResultViewController.swift in Sources */ = {isa = PBXBuildFile; fileRef = B480C6C91C9B453400057146 /* PokedexResultViewController.swift */; };
		B480C6CC1C9B66D700057146 /* PopoverViewController.swift in Sources */ = {isa = PBXBuildFile; fileRef = B480C6CB1C9B66D700057146 /* PopoverViewController.swift */; };
		B480C6CE1C9B878C00057146 /* MissingNoViewController.swift in Sources */ = {isa = PBXBuildFile; fileRef = B480C6CD1C9B878C00057146 /* MissingNoViewController.swift */; };
		B480C6D01C9B8FC600057146 /* AppearanceController.swift in Sources */ = {isa = PBXBuildFile; fileRef = B480C6CF1C9B8FC600057146 /* AppearanceController.swift */; };
		B480C6D21C9BAEBF00057146 /* ColorPallete.swift in Sources */ = {isa = PBXBuildFile; fileRef = B480C6D11C9BAEBF00057146 /* ColorPallete.swift */; };
		B4E258471C8CB2E500AE8EF4 /* AppDelegate.swift in Sources */ = {isa = PBXBuildFile; fileRef = B4E258461C8CB2E500AE8EF4 /* AppDelegate.swift */; };
		B4E2584C1C8CB2E500AE8EF4 /* Main.storyboard in Resources */ = {isa = PBXBuildFile; fileRef = B4E2584A1C8CB2E500AE8EF4 /* Main.storyboard */; };
		B4E2584E1C8CB2E500AE8EF4 /* Assets.xcassets in Resources */ = {isa = PBXBuildFile; fileRef = B4E2584D1C8CB2E500AE8EF4 /* Assets.xcassets */; };
		B4E258511C8CB2E500AE8EF4 /* LaunchScreen.storyboard in Resources */ = {isa = PBXBuildFile; fileRef = B4E2584F1C8CB2E500AE8EF4 /* LaunchScreen.storyboard */; };
		B4E258591C8CB33700AE8EF4 /* User.swift in Sources */ = {isa = PBXBuildFile; fileRef = B4E258581C8CB33700AE8EF4 /* User.swift */; };
		B4E2585B1C8CB34500AE8EF4 /* Message.swift in Sources */ = {isa = PBXBuildFile; fileRef = B4E2585A1C8CB34500AE8EF4 /* Message.swift */; };
		B4E2585D1C8CB34D00AE8EF4 /* Thread.swift in Sources */ = {isa = PBXBuildFile; fileRef = B4E2585C1C8CB34D00AE8EF4 /* Thread.swift */; };
		B4E2585F1C8CB35500AE8EF4 /* Pokemon.swift in Sources */ = {isa = PBXBuildFile; fileRef = B4E2585E1C8CB35500AE8EF4 /* Pokemon.swift */; };
		B4E258621C8CB38600AE8EF4 /* Firebase.framework in Frameworks */ = {isa = PBXBuildFile; fileRef = B4E258611C8CB38600AE8EF4 /* Firebase.framework */; };
		B4E258661C8CB39400AE8EF4 /* CFNetwork.framework in Frameworks */ = {isa = PBXBuildFile; fileRef = B4E258651C8CB39400AE8EF4 /* CFNetwork.framework */; };
		B4E258681C8CB39E00AE8EF4 /* SystemConfiguration.framework in Frameworks */ = {isa = PBXBuildFile; fileRef = B4E258671C8CB39E00AE8EF4 /* SystemConfiguration.framework */; };
		B4E2586A1C8CB3A500AE8EF4 /* Security.framework in Frameworks */ = {isa = PBXBuildFile; fileRef = B4E258691C8CB3A500AE8EF4 /* Security.framework */; };
		B4E2586C1C8CB3B900AE8EF4 /* libc++.tbd in Frameworks */ = {isa = PBXBuildFile; fileRef = B4E2586B1C8CB3B900AE8EF4 /* libc++.tbd */; };
		B4E2586E1C8CB3C700AE8EF4 /* libicucore.tbd in Frameworks */ = {isa = PBXBuildFile; fileRef = B4E2586D1C8CB3C700AE8EF4 /* libicucore.tbd */; };
		B4E258711C8CB3FB00AE8EF4 /* FirebaseController.swift in Sources */ = {isa = PBXBuildFile; fileRef = B4E258701C8CB3FB00AE8EF4 /* FirebaseController.swift */; };
		B4E258731C8CB40500AE8EF4 /* UserController.swift in Sources */ = {isa = PBXBuildFile; fileRef = B4E258721C8CB40500AE8EF4 /* UserController.swift */; };
		B4E258771C8CB41800AE8EF4 /* ThreadController.swift in Sources */ = {isa = PBXBuildFile; fileRef = B4E258761C8CB41800AE8EF4 /* ThreadController.swift */; };
		B4E258791C8CB42100AE8EF4 /* NetworkController.swift in Sources */ = {isa = PBXBuildFile; fileRef = B4E258781C8CB42100AE8EF4 /* NetworkController.swift */; };
		B4E2587C1C8CB44D00AE8EF4 /* PokemonController.swift in Sources */ = {isa = PBXBuildFile; fileRef = B4E2587B1C8CB44D00AE8EF4 /* PokemonController.swift */; };
		B4E2587E1C8D492D00AE8EF4 /* MasterThreadsTableViewController.swift in Sources */ = {isa = PBXBuildFile; fileRef = B4E2587D1C8D492C00AE8EF4 /* MasterThreadsTableViewController.swift */; };
		B4E258801C8D499A00AE8EF4 /* MessageDetailTableViewController.swift in Sources */ = {isa = PBXBuildFile; fileRef = B4E2587F1C8D499A00AE8EF4 /* MessageDetailTableViewController.swift */; };
		B4E258B71C8E31DE00AE8EF4 /* OakTableViewCell.swift in Sources */ = {isa = PBXBuildFile; fileRef = B4E258B61C8E31DE00AE8EF4 /* OakTableViewCell.swift */; };
		B4E258B91C8E7E2800AE8EF4 /* LoginSignupViewController.swift in Sources */ = {isa = PBXBuildFile; fileRef = B4E258B81C8E7E2800AE8EF4 /* LoginSignupViewController.swift */; };
		B4F082A31D53D88B00D0210E /* Session.swift in Sources */ = {isa = PBXBuildFile; fileRef = B4F082A21D53D88B00D0210E /* Session.swift */; };
		B4F082A51D53D89900D0210E /* SessionController.swift in Sources */ = {isa = PBXBuildFile; fileRef = B4F082A41D53D89900D0210E /* SessionController.swift */; };
		B4F082A71D53D8AE00D0210E /* NetworkAnalyticsController.swift in Sources */ = {isa = PBXBuildFile; fileRef = B4F082A61D53D8AE00D0210E /* NetworkAnalyticsController.swift */; };
		B4F0CAD71CB81D4F007408D8 /* MoreTableViewController.swift in Sources */ = {isa = PBXBuildFile; fileRef = B4F0CAD61CB81D4F007408D8 /* MoreTableViewController.swift */; };
		B4F0CAD91CB81E8B007408D8 /* CreditsViewController.swift in Sources */ = {isa = PBXBuildFile; fileRef = B4F0CAD81CB81E8B007408D8 /* CreditsViewController.swift */; };
		B4F0CADB1CB843BA007408D8 /* Report.swift in Sources */ = {isa = PBXBuildFile; fileRef = B4F0CADA1CB843BA007408D8 /* Report.swift */; };
		B4F0CADD1CB85070007408D8 /* TermsAndConditionsViewController.swift in Sources */ = {isa = PBXBuildFile; fileRef = B4F0CADC1CB85070007408D8 /* TermsAndConditionsViewController.swift */; };
/* End PBXBuildFile section */

/* Begin PBXCopyFilesBuildPhase section */
		B4E258641C8CB38600AE8EF4 /* Embed Frameworks */ = {
			isa = PBXCopyFilesBuildPhase;
			buildActionMask = 2147483647;
			dstPath = "";
			dstSubfolderSpec = 10;
			files = (
			);
			name = "Embed Frameworks";
			runOnlyForDeploymentPostprocessing = 0;
		};
/* End PBXCopyFilesBuildPhase section */

/* Begin PBXFileReference section */
		B45358021C90CEF6000D07BD /* SearchResultsTableViewController.swift */ = {isa = PBXFileReference; fileEncoding = 4; lastKnownFileType = sourcecode.swift; path = SearchResultsTableViewController.swift; sourceTree = "<group>"; };
		B46D85491C907BEC00C2234D /* ComposeSearchViewController.swift */ = {isa = PBXFileReference; fileEncoding = 4; lastKnownFileType = sourcecode.swift; path = ComposeSearchViewController.swift; sourceTree = "<group>"; };
		B480C6C71C9B35E400057146 /* AskOakTableViewController.swift */ = {isa = PBXFileReference; fileEncoding = 4; lastKnownFileType = sourcecode.swift; path = AskOakTableViewController.swift; sourceTree = "<group>"; };
		B480C6C91C9B453400057146 /* PokedexResultViewController.swift */ = {isa = PBXFileReference; fileEncoding = 4; lastKnownFileType = sourcecode.swift; path = PokedexResultViewController.swift; sourceTree = "<group>"; };
		B480C6CB1C9B66D700057146 /* PopoverViewController.swift */ = {isa = PBXFileReference; fileEncoding = 4; lastKnownFileType = sourcecode.swift; path = PopoverViewController.swift; sourceTree = "<group>"; };
		B480C6CD1C9B878C00057146 /* MissingNoViewController.swift */ = {isa = PBXFileReference; fileEncoding = 4; lastKnownFileType = sourcecode.swift; path = MissingNoViewController.swift; sourceTree = "<group>"; };
		B480C6CF1C9B8FC600057146 /* AppearanceController.swift */ = {isa = PBXFileReference; fileEncoding = 4; lastKnownFileType = sourcecode.swift; path = AppearanceController.swift; sourceTree = "<group>"; };
		B480C6D11C9BAEBF00057146 /* ColorPallete.swift */ = {isa = PBXFileReference; fileEncoding = 4; lastKnownFileType = sourcecode.swift; path = ColorPallete.swift; sourceTree = "<group>"; };
		B4E258431C8CB2E500AE8EF4 /* OakedexChat.app */ = {isa = PBXFileReference; explicitFileType = wrapper.application; includeInIndex = 0; path = OakedexChat.app; sourceTree = BUILT_PRODUCTS_DIR; };
		B4E258461C8CB2E500AE8EF4 /* AppDelegate.swift */ = {isa = PBXFileReference; lastKnownFileType = sourcecode.swift; path = AppDelegate.swift; sourceTree = "<group>"; };
		B4E2584B1C8CB2E500AE8EF4 /* Base */ = {isa = PBXFileReference; lastKnownFileType = file.storyboard; name = Base; path = Base.lproj/Main.storyboard; sourceTree = "<group>"; };
		B4E2584D1C8CB2E500AE8EF4 /* Assets.xcassets */ = {isa = PBXFileReference; lastKnownFileType = folder.assetcatalog; path = Assets.xcassets; sourceTree = "<group>"; };
		B4E258501C8CB2E500AE8EF4 /* Base */ = {isa = PBXFileReference; lastKnownFileType = file.storyboard; name = Base; path = Base.lproj/LaunchScreen.storyboard; sourceTree = "<group>"; };
		B4E258521C8CB2E500AE8EF4 /* Info.plist */ = {isa = PBXFileReference; lastKnownFileType = text.plist.xml; path = Info.plist; sourceTree = "<group>"; };
		B4E258581C8CB33700AE8EF4 /* User.swift */ = {isa = PBXFileReference; fileEncoding = 4; lastKnownFileType = sourcecode.swift; path = User.swift; sourceTree = "<group>"; };
		B4E2585A1C8CB34500AE8EF4 /* Message.swift */ = {isa = PBXFileReference; fileEncoding = 4; lastKnownFileType = sourcecode.swift; path = Message.swift; sourceTree = "<group>"; };
		B4E2585C1C8CB34D00AE8EF4 /* Thread.swift */ = {isa = PBXFileReference; fileEncoding = 4; lastKnownFileType = sourcecode.swift; path = Thread.swift; sourceTree = "<group>"; };
		B4E2585E1C8CB35500AE8EF4 /* Pokemon.swift */ = {isa = PBXFileReference; fileEncoding = 4; lastKnownFileType = sourcecode.swift; path = Pokemon.swift; sourceTree = "<group>"; };
		B4E258611C8CB38600AE8EF4 /* Firebase.framework */ = {isa = PBXFileReference; lastKnownFileType = wrapper.framework; path = Firebase.framework; sourceTree = "<group>"; };
		B4E258651C8CB39400AE8EF4 /* CFNetwork.framework */ = {isa = PBXFileReference; lastKnownFileType = wrapper.framework; name = CFNetwork.framework; path = System/Library/Frameworks/CFNetwork.framework; sourceTree = SDKROOT; };
		B4E258671C8CB39E00AE8EF4 /* SystemConfiguration.framework */ = {isa = PBXFileReference; lastKnownFileType = wrapper.framework; name = SystemConfiguration.framework; path = System/Library/Frameworks/SystemConfiguration.framework; sourceTree = SDKROOT; };
		B4E258691C8CB3A500AE8EF4 /* Security.framework */ = {isa = PBXFileReference; lastKnownFileType = wrapper.framework; name = Security.framework; path = System/Library/Frameworks/Security.framework; sourceTree = SDKROOT; };
		B4E2586B1C8CB3B900AE8EF4 /* libc++.tbd */ = {isa = PBXFileReference; lastKnownFileType = "sourcecode.text-based-dylib-definition"; name = "libc++.tbd"; path = "usr/lib/libc++.tbd"; sourceTree = SDKROOT; };
		B4E2586D1C8CB3C700AE8EF4 /* libicucore.tbd */ = {isa = PBXFileReference; lastKnownFileType = "sourcecode.text-based-dylib-definition"; name = libicucore.tbd; path = usr/lib/libicucore.tbd; sourceTree = SDKROOT; };
		B4E258701C8CB3FB00AE8EF4 /* FirebaseController.swift */ = {isa = PBXFileReference; fileEncoding = 4; lastKnownFileType = sourcecode.swift; path = FirebaseController.swift; sourceTree = "<group>"; };
		B4E258721C8CB40500AE8EF4 /* UserController.swift */ = {isa = PBXFileReference; fileEncoding = 4; lastKnownFileType = sourcecode.swift; path = UserController.swift; sourceTree = "<group>"; };
		B4E258761C8CB41800AE8EF4 /* ThreadController.swift */ = {isa = PBXFileReference; fileEncoding = 4; lastKnownFileType = sourcecode.swift; path = ThreadController.swift; sourceTree = "<group>"; };
		B4E258781C8CB42100AE8EF4 /* NetworkController.swift */ = {isa = PBXFileReference; fileEncoding = 4; lastKnownFileType = sourcecode.swift; path = NetworkController.swift; sourceTree = "<group>"; };
		B4E2587B1C8CB44D00AE8EF4 /* PokemonController.swift */ = {isa = PBXFileReference; fileEncoding = 4; lastKnownFileType = sourcecode.swift; path = PokemonController.swift; sourceTree = "<group>"; };
		B4E2587D1C8D492C00AE8EF4 /* MasterThreadsTableViewController.swift */ = {isa = PBXFileReference; fileEncoding = 4; lastKnownFileType = sourcecode.swift; path = MasterThreadsTableViewController.swift; sourceTree = "<group>"; };
		B4E2587F1C8D499A00AE8EF4 /* MessageDetailTableViewController.swift */ = {isa = PBXFileReference; fileEncoding = 4; lastKnownFileType = sourcecode.swift; path = MessageDetailTableViewController.swift; sourceTree = "<group>"; };
		B4E258B61C8E31DE00AE8EF4 /* OakTableViewCell.swift */ = {isa = PBXFileReference; fileEncoding = 4; lastKnownFileType = sourcecode.swift; path = OakTableViewCell.swift; sourceTree = "<group>"; };
		B4E258B81C8E7E2800AE8EF4 /* LoginSignupViewController.swift */ = {isa = PBXFileReference; fileEncoding = 4; lastKnownFileType = sourcecode.swift; path = LoginSignupViewController.swift; sourceTree = "<group>"; };
		B4F082A21D53D88B00D0210E /* Session.swift */ = {isa = PBXFileReference; fileEncoding = 4; lastKnownFileType = sourcecode.swift; path = Session.swift; sourceTree = "<group>"; };
		B4F082A41D53D89900D0210E /* SessionController.swift */ = {isa = PBXFileReference; fileEncoding = 4; lastKnownFileType = sourcecode.swift; path = SessionController.swift; sourceTree = "<group>"; };
		B4F082A61D53D8AE00D0210E /* NetworkAnalyticsController.swift */ = {isa = PBXFileReference; fileEncoding = 4; lastKnownFileType = sourcecode.swift; path = NetworkAnalyticsController.swift; sourceTree = "<group>"; };
		B4F0CAD61CB81D4F007408D8 /* MoreTableViewController.swift */ = {isa = PBXFileReference; fileEncoding = 4; lastKnownFileType = sourcecode.swift; path = MoreTableViewController.swift; sourceTree = "<group>"; };
		B4F0CAD81CB81E8B007408D8 /* CreditsViewController.swift */ = {isa = PBXFileReference; fileEncoding = 4; lastKnownFileType = sourcecode.swift; path = CreditsViewController.swift; sourceTree = "<group>"; };
		B4F0CADA1CB843BA007408D8 /* Report.swift */ = {isa = PBXFileReference; fileEncoding = 4; lastKnownFileType = sourcecode.swift; path = Report.swift; sourceTree = "<group>"; };
		B4F0CADC1CB85070007408D8 /* TermsAndConditionsViewController.swift */ = {isa = PBXFileReference; fileEncoding = 4; lastKnownFileType = sourcecode.swift; path = TermsAndConditionsViewController.swift; sourceTree = "<group>"; };
/* End PBXFileReference section */

/* Begin PBXFrameworksBuildPhase section */
		B4E258401C8CB2E500AE8EF4 /* Frameworks */ = {
			isa = PBXFrameworksBuildPhase;
			buildActionMask = 2147483647;
			files = (
				B4E2586E1C8CB3C700AE8EF4 /* libicucore.tbd in Frameworks */,
				B4E2586C1C8CB3B900AE8EF4 /* libc++.tbd in Frameworks */,
				B4E2586A1C8CB3A500AE8EF4 /* Security.framework in Frameworks */,
				B4E258681C8CB39E00AE8EF4 /* SystemConfiguration.framework in Frameworks */,
				B4E258661C8CB39400AE8EF4 /* CFNetwork.framework in Frameworks */,
				B4E258621C8CB38600AE8EF4 /* Firebase.framework in Frameworks */,
			);
			runOnlyForDeploymentPostprocessing = 0;
		};
/* End PBXFrameworksBuildPhase section */

/* Begin PBXGroup section */
		B4E2583A1C8CB2E500AE8EF4 = {
			isa = PBXGroup;
			children = (
				B4E2586F1C8CB3D200AE8EF4 /* Frameworks */,
				B4E258451C8CB2E500AE8EF4 /* OakedexChat */,
				B4E258441C8CB2E500AE8EF4 /* Products */,
			);
			sourceTree = "<group>";
		};
		B4E258441C8CB2E500AE8EF4 /* Products */ = {
			isa = PBXGroup;
			children = (
				B4E258431C8CB2E500AE8EF4 /* OakedexChat.app */,
			);
			name = Products;
			sourceTree = "<group>";
		};
		B4E258451C8CB2E500AE8EF4 /* OakedexChat */ = {
			isa = PBXGroup;
			children = (
				B4E258461C8CB2E500AE8EF4 /* AppDelegate.swift */,
				B480C6CF1C9B8FC600057146 /* AppearanceController.swift */,
				B480C6D11C9BAEBF00057146 /* ColorPallete.swift */,
				B4F082A81D53D9C900D0210E /* Analytics  */,
				B4E258601C8CB36200AE8EF4 /* Model */,
				B4E2587A1C8CB42D00AE8EF4 /* ModelControllers */,
				B4E258811C8D4A0B00AE8EF4 /* ViewControllers */,
				B4E2584D1C8CB2E500AE8EF4 /* Assets.xcassets */,
				B4E2584A1C8CB2E500AE8EF4 /* Main.storyboard */,
				B4E2584F1C8CB2E500AE8EF4 /* LaunchScreen.storyboard */,
				B4E258521C8CB2E500AE8EF4 /* Info.plist */,
			);
			path = OakedexChat;
			sourceTree = "<group>";
		};
		B4E258601C8CB36200AE8EF4 /* Model */ = {
			isa = PBXGroup;
			children = (
				B4E258581C8CB33700AE8EF4 /* User.swift */,
				B4E2585C1C8CB34D00AE8EF4 /* Thread.swift */,
				B4E2585A1C8CB34500AE8EF4 /* Message.swift */,
				B4F0CADA1CB843BA007408D8 /* Report.swift */,
				B4E2585E1C8CB35500AE8EF4 /* Pokemon.swift */,
			);
			name = Model;
			sourceTree = "<group>";
		};
		B4E2586F1C8CB3D200AE8EF4 /* Frameworks */ = {
			isa = PBXGroup;
			children = (
				B4E2586D1C8CB3C700AE8EF4 /* libicucore.tbd */,
				B4E2586B1C8CB3B900AE8EF4 /* libc++.tbd */,
				B4E258691C8CB3A500AE8EF4 /* Security.framework */,
				B4E258671C8CB39E00AE8EF4 /* SystemConfiguration.framework */,
				B4E258651C8CB39400AE8EF4 /* CFNetwork.framework */,
				B4E258611C8CB38600AE8EF4 /* Firebase.framework */,
			);
			name = Frameworks;
			sourceTree = "<group>";
		};
		B4E2587A1C8CB42D00AE8EF4 /* ModelControllers */ = {
			isa = PBXGroup;
			children = (
				B4E258721C8CB40500AE8EF4 /* UserController.swift */,
				B4E258761C8CB41800AE8EF4 /* ThreadController.swift */,
				B4E2587B1C8CB44D00AE8EF4 /* PokemonController.swift */,
				B4E258781C8CB42100AE8EF4 /* NetworkController.swift */,
				B4E258701C8CB3FB00AE8EF4 /* FirebaseController.swift */,
			);
			name = ModelControllers;
			sourceTree = "<group>";
		};
		B4E258811C8D4A0B00AE8EF4 /* ViewControllers */ = {
			isa = PBXGroup;
			children = (
				B4E2587D1C8D492C00AE8EF4 /* MasterThreadsTableViewController.swift */,
				B4E2587F1C8D499A00AE8EF4 /* MessageDetailTableViewController.swift */,
				B4E258B61C8E31DE00AE8EF4 /* OakTableViewCell.swift */,
				B4E258B81C8E7E2800AE8EF4 /* LoginSignupViewController.swift */,
				B4F0CADC1CB85070007408D8 /* TermsAndConditionsViewController.swift */,
				B46D85491C907BEC00C2234D /* ComposeSearchViewController.swift */,
				B45358021C90CEF6000D07BD /* SearchResultsTableViewController.swift */,
				B480C6C71C9B35E400057146 /* AskOakTableViewController.swift */,
				B480C6C91C9B453400057146 /* PokedexResultViewController.swift */,
				B480C6CB1C9B66D700057146 /* PopoverViewController.swift */,
				B480C6CD1C9B878C00057146 /* MissingNoViewController.swift */,
				B4F0CAD61CB81D4F007408D8 /* MoreTableViewController.swift */,
				B4F0CAD81CB81E8B007408D8 /* CreditsViewController.swift */,
			);
			name = ViewControllers;
			sourceTree = "<group>";
		};
		B4F082A81D53D9C900D0210E /* Analytics  */ = {
			isa = PBXGroup;
			children = (
				B4F082A21D53D88B00D0210E /* Session.swift */,
				B4F082A41D53D89900D0210E /* SessionController.swift */,
				B4F082A61D53D8AE00D0210E /* NetworkAnalyticsController.swift */,
			);
			name = "Analytics ";
			sourceTree = "<group>";
		};
/* End PBXGroup section */

/* Begin PBXNativeTarget section */
		B4E258421C8CB2E500AE8EF4 /* OakedexChat */ = {
			isa = PBXNativeTarget;
			buildConfigurationList = B4E258551C8CB2E500AE8EF4 /* Build configuration list for PBXNativeTarget "OakedexChat" */;
			buildPhases = (
				B4E2583F1C8CB2E500AE8EF4 /* Sources */,
				B4E258401C8CB2E500AE8EF4 /* Frameworks */,
				B4E258411C8CB2E500AE8EF4 /* Resources */,
				B4E258641C8CB38600AE8EF4 /* Embed Frameworks */,
			);
			buildRules = (
			);
			dependencies = (
			);
			name = OakedexChat;
			productName = OakedexChat;
			productReference = B4E258431C8CB2E500AE8EF4 /* OakedexChat.app */;
			productType = "com.apple.product-type.application";
		};
/* End PBXNativeTarget section */

/* Begin PBXProject section */
		B4E2583B1C8CB2E500AE8EF4 /* Project object */ = {
			isa = PBXProject;
			attributes = {
				LastSwiftUpdateCheck = 0720;
				LastUpgradeCheck = 0720;
				ORGANIZATIONNAME = MichaelMecham;
				TargetAttributes = {
					B4E258421C8CB2E500AE8EF4 = {
						CreatedOnToolsVersion = 7.2.1;
						DevelopmentTeam = G68TN4S97G;
					};
				};
			};
			buildConfigurationList = B4E2583E1C8CB2E500AE8EF4 /* Build configuration list for PBXProject "OakedexChat" */;
			compatibilityVersion = "Xcode 3.2";
			developmentRegion = English;
			hasScannedForEncodings = 0;
			knownRegions = (
				en,
				Base,
			);
			mainGroup = B4E2583A1C8CB2E500AE8EF4;
			productRefGroup = B4E258441C8CB2E500AE8EF4 /* Products */;
			projectDirPath = "";
			projectRoot = "";
			targets = (
				B4E258421C8CB2E500AE8EF4 /* OakedexChat */,
			);
		};
/* End PBXProject section */

/* Begin PBXResourcesBuildPhase section */
		B4E258411C8CB2E500AE8EF4 /* Resources */ = {
			isa = PBXResourcesBuildPhase;
			buildActionMask = 2147483647;
			files = (
				B4E258511C8CB2E500AE8EF4 /* LaunchScreen.storyboard in Resources */,
				B4E2584E1C8CB2E500AE8EF4 /* Assets.xcassets in Resources */,
				B4E2584C1C8CB2E500AE8EF4 /* Main.storyboard in Resources */,
			);
			runOnlyForDeploymentPostprocessing = 0;
		};
/* End PBXResourcesBuildPhase section */

/* Begin PBXSourcesBuildPhase section */
		B4E2583F1C8CB2E500AE8EF4 /* Sources */ = {
			isa = PBXSourcesBuildPhase;
			buildActionMask = 2147483647;
			files = (
				B4F082A71D53D8AE00D0210E /* NetworkAnalyticsController.swift in Sources */,
				B480C6CE1C9B878C00057146 /* MissingNoViewController.swift in Sources */,
				B4E258791C8CB42100AE8EF4 /* NetworkController.swift in Sources */,
				B4E258801C8D499A00AE8EF4 /* MessageDetailTableViewController.swift in Sources */,
				B480C6C81C9B35E400057146 /* AskOakTableViewController.swift in Sources */,
				B4E258B71C8E31DE00AE8EF4 /* OakTableViewCell.swift in Sources */,
				B480C6CA1C9B453400057146 /* PokedexResultViewController.swift in Sources */,
				B4E2587E1C8D492D00AE8EF4 /* MasterThreadsTableViewController.swift in Sources */,
				B46D854A1C907BEC00C2234D /* ComposeSearchViewController.swift in Sources */,
				B4E258711C8CB3FB00AE8EF4 /* FirebaseController.swift in Sources */,
				B480C6D21C9BAEBF00057146 /* ColorPallete.swift in Sources */,
				B45358031C90CEF6000D07BD /* SearchResultsTableViewController.swift in Sources */,
				B4E258731C8CB40500AE8EF4 /* UserController.swift in Sources */,
				B4E2585D1C8CB34D00AE8EF4 /* Thread.swift in Sources */,
				B4F0CAD71CB81D4F007408D8 /* MoreTableViewController.swift in Sources */,
				B4F082A51D53D89900D0210E /* SessionController.swift in Sources */,
				B480C6CC1C9B66D700057146 /* PopoverViewController.swift in Sources */,
				B4E258771C8CB41800AE8EF4 /* ThreadController.swift in Sources */,
				B4E2585B1C8CB34500AE8EF4 /* Message.swift in Sources */,
				B4F082A31D53D88B00D0210E /* Session.swift in Sources */,
				B4E258471C8CB2E500AE8EF4 /* AppDelegate.swift in Sources */,
				B4E258591C8CB33700AE8EF4 /* User.swift in Sources */,
				B4F0CAD91CB81E8B007408D8 /* CreditsViewController.swift in Sources */,
				B4F0CADD1CB85070007408D8 /* TermsAndConditionsViewController.swift in Sources */,
				B4E2585F1C8CB35500AE8EF4 /* Pokemon.swift in Sources */,
				B4F0CADB1CB843BA007408D8 /* Report.swift in Sources */,
				B480C6D01C9B8FC600057146 /* AppearanceController.swift in Sources */,
				B4E258B91C8E7E2800AE8EF4 /* LoginSignupViewController.swift in Sources */,
				B4E2587C1C8CB44D00AE8EF4 /* PokemonController.swift in Sources */,
			);
			runOnlyForDeploymentPostprocessing = 0;
		};
/* End PBXSourcesBuildPhase section */

/* Begin PBXVariantGroup section */
		B4E2584A1C8CB2E500AE8EF4 /* Main.storyboard */ = {
			isa = PBXVariantGroup;
			children = (
				B4E2584B1C8CB2E500AE8EF4 /* Base */,
			);
			name = Main.storyboard;
			sourceTree = "<group>";
		};
		B4E2584F1C8CB2E500AE8EF4 /* LaunchScreen.storyboard */ = {
			isa = PBXVariantGroup;
			children = (
				B4E258501C8CB2E500AE8EF4 /* Base */,
			);
			name = LaunchScreen.storyboard;
			sourceTree = "<group>";
		};
/* End PBXVariantGroup section */

/* Begin XCBuildConfiguration section */
		B4E258531C8CB2E500AE8EF4 /* Debug */ = {
			isa = XCBuildConfiguration;
			buildSettings = {
				ALWAYS_SEARCH_USER_PATHS = NO;
				CLANG_CXX_LANGUAGE_STANDARD = "gnu++0x";
				CLANG_CXX_LIBRARY = "libc++";
				CLANG_ENABLE_MODULES = YES;
				CLANG_ENABLE_OBJC_ARC = YES;
				CLANG_WARN_BOOL_CONVERSION = YES;
				CLANG_WARN_CONSTANT_CONVERSION = YES;
				CLANG_WARN_DIRECT_OBJC_ISA_USAGE = YES_ERROR;
				CLANG_WARN_EMPTY_BODY = YES;
				CLANG_WARN_ENUM_CONVERSION = YES;
				CLANG_WARN_INT_CONVERSION = YES;
				CLANG_WARN_OBJC_ROOT_CLASS = YES_ERROR;
				CLANG_WARN_UNREACHABLE_CODE = YES;
				CLANG_WARN__DUPLICATE_METHOD_MATCH = YES;
				"CODE_SIGN_IDENTITY[sdk=iphoneos*]" = "iPhone Developer";
				COPY_PHASE_STRIP = NO;
				DEBUG_INFORMATION_FORMAT = dwarf;
				ENABLE_STRICT_OBJC_MSGSEND = YES;
				ENABLE_TESTABILITY = YES;
				GCC_C_LANGUAGE_STANDARD = gnu99;
				GCC_DYNAMIC_NO_PIC = NO;
				GCC_NO_COMMON_BLOCKS = YES;
				GCC_OPTIMIZATION_LEVEL = 0;
				GCC_PREPROCESSOR_DEFINITIONS = (
					"DEBUG=1",
					"$(inherited)",
				);
				GCC_WARN_64_TO_32_BIT_CONVERSION = YES;
				GCC_WARN_ABOUT_RETURN_TYPE = YES_ERROR;
				GCC_WARN_UNDECLARED_SELECTOR = YES;
				GCC_WARN_UNINITIALIZED_AUTOS = YES_AGGRESSIVE;
				GCC_WARN_UNUSED_FUNCTION = YES;
				GCC_WARN_UNUSED_VARIABLE = YES;
				IPHONEOS_DEPLOYMENT_TARGET = 9.2;
				MTL_ENABLE_DEBUG_INFO = YES;
				ONLY_ACTIVE_ARCH = YES;
				SDKROOT = iphoneos;
				SWIFT_OPTIMIZATION_LEVEL = "-Onone";
				TARGETED_DEVICE_FAMILY = "1,2";
			};
			name = Debug;
		};
		B4E258541C8CB2E500AE8EF4 /* Release */ = {
			isa = XCBuildConfiguration;
			buildSettings = {
				ALWAYS_SEARCH_USER_PATHS = NO;
				CLANG_CXX_LANGUAGE_STANDARD = "gnu++0x";
				CLANG_CXX_LIBRARY = "libc++";
				CLANG_ENABLE_MODULES = YES;
				CLANG_ENABLE_OBJC_ARC = YES;
				CLANG_WARN_BOOL_CONVERSION = YES;
				CLANG_WARN_CONSTANT_CONVERSION = YES;
				CLANG_WARN_DIRECT_OBJC_ISA_USAGE = YES_ERROR;
				CLANG_WARN_EMPTY_BODY = YES;
				CLANG_WARN_ENUM_CONVERSION = YES;
				CLANG_WARN_INT_CONVERSION = YES;
				CLANG_WARN_OBJC_ROOT_CLASS = YES_ERROR;
				CLANG_WARN_UNREACHABLE_CODE = YES;
				CLANG_WARN__DUPLICATE_METHOD_MATCH = YES;
				"CODE_SIGN_IDENTITY[sdk=iphoneos*]" = "iPhone Developer";
				COPY_PHASE_STRIP = NO;
				DEBUG_INFORMATION_FORMAT = "dwarf-with-dsym";
				ENABLE_NS_ASSERTIONS = NO;
				ENABLE_STRICT_OBJC_MSGSEND = YES;
				GCC_C_LANGUAGE_STANDARD = gnu99;
				GCC_NO_COMMON_BLOCKS = YES;
				GCC_WARN_64_TO_32_BIT_CONVERSION = YES;
				GCC_WARN_ABOUT_RETURN_TYPE = YES_ERROR;
				GCC_WARN_UNDECLARED_SELECTOR = YES;
				GCC_WARN_UNINITIALIZED_AUTOS = YES_AGGRESSIVE;
				GCC_WARN_UNUSED_FUNCTION = YES;
				GCC_WARN_UNUSED_VARIABLE = YES;
				IPHONEOS_DEPLOYMENT_TARGET = 9.2;
				MTL_ENABLE_DEBUG_INFO = NO;
				SDKROOT = iphoneos;
				TARGETED_DEVICE_FAMILY = "1,2";
				VALIDATE_PRODUCT = YES;
			};
			name = Release;
		};
		B4E258561C8CB2E500AE8EF4 /* Debug */ = {
			isa = XCBuildConfiguration;
			buildSettings = {
				ASSETCATALOG_COMPILER_APPICON_NAME = AppIcon;
				CODE_SIGN_IDENTITY = "iPhone Developer";
				FRAMEWORK_SEARCH_PATHS = (
					"$(inherited)",
					"$(PROJECT_DIR)",
				);
				INFOPLIST_FILE = OakedexChat/Info.plist;
				IPHONEOS_DEPLOYMENT_TARGET = 9.0;
				LD_RUNPATH_SEARCH_PATHS = "$(inherited) @executable_path/Frameworks";
				PRODUCT_BUNDLE_IDENTIFIER = com.MichaelMecham.OakedexChat1;
				PRODUCT_NAME = "$(TARGET_NAME)";
				TARGETED_DEVICE_FAMILY = 1;
			};
			name = Debug;
		};
		B4E258571C8CB2E500AE8EF4 /* Release */ = {
			isa = XCBuildConfiguration;
			buildSettings = {
				ASSETCATALOG_COMPILER_APPICON_NAME = AppIcon;
				CODE_SIGN_IDENTITY = "iPhone Developer";
				FRAMEWORK_SEARCH_PATHS = (
					"$(inherited)",
					"$(PROJECT_DIR)",
				);
				INFOPLIST_FILE = OakedexChat/Info.plist;
				IPHONEOS_DEPLOYMENT_TARGET = 9.0;
				LD_RUNPATH_SEARCH_PATHS = "$(inherited) @executable_path/Frameworks";
				PRODUCT_BUNDLE_IDENTIFIER = com.MichaelMecham.OakedexChat1;
				PRODUCT_NAME = "$(TARGET_NAME)";
				TARGETED_DEVICE_FAMILY = 1;
			};
			name = Release;
		};
/* End XCBuildConfiguration section */

/* Begin XCConfigurationList section */
		B4E2583E1C8CB2E500AE8EF4 /* Build configuration list for PBXProject "OakedexChat" */ = {
			isa = XCConfigurationList;
			buildConfigurations = (
				B4E258531C8CB2E500AE8EF4 /* Debug */,
				B4E258541C8CB2E500AE8EF4 /* Release */,
			);
			defaultConfigurationIsVisible = 0;
			defaultConfigurationName = Release;
		};
		B4E258551C8CB2E500AE8EF4 /* Build configuration list for PBXNativeTarget "OakedexChat" */ = {
			isa = XCConfigurationList;
			buildConfigurations = (
				B4E258561C8CB2E500AE8EF4 /* Debug */,
				B4E258571C8CB2E500AE8EF4 /* Release */,
			);
			defaultConfigurationIsVisible = 0;
			defaultConfigurationName = Release;
		};
/* End XCConfigurationList section */
	};
	rootObject = B4E2583B1C8CB2E500AE8EF4 /* Project object */;
}
